
Microsoft Visual Studio Solution File, Format Version 12.00
# Visual Studio Version 16
VisualStudioVersion = 16.0.29728.190
MinimumVisualStudioVersion = 10.0.40219.1
Project("{9A19103F-16F7-4668-BE54-9A1E7A4F7556}") = "GenericsDemo", "GenericsDemo\GenericsDemo.csproj", "{438C6C61-0397-4C49-B11E-4520C3167A84}"
EndProject
Project("{9A19103F-16F7-4668-BE54-9A1E7A4F7556}") = "GenericDemo.ConsoleClient", "GenericDemo.ConsoleClient\GenericDemo.ConsoleClient.csproj", "{956F78B8-C0F4-4E1D-BE24-F7C446D8BE31}"
EndProject
Project("{9A19103F-16F7-4668-BE54-9A1E7A4F7556}") = "GenericDemo.Tests", "GenericDemo.Tests\GenericDemo.Tests.csproj", "{9117BCEC-1A93-4DD1-9AF8-E709336C888E}"
EndProject
Project("{9A19103F-16F7-4668-BE54-9A1E7A4F7556}") = "DoubleManipulation", "DoubleManipulation\DoubleManipulation.csproj", "{304570F0-0175-4CA0-88DA-842263FBAC87}"
EndProject
Project("{9A19103F-16F7-4668-BE54-9A1E7A4F7556}") = "NumberExtension", "NumberExtension\NumberExtension.csproj", "{FE9002C6-6576-4004-A465-EC6427A4A816}"
EndProject
Project("{FAE04EC0-301F-11D3-BF4B-00C04F79EFBC}") = "Helpers", "Helpers\Helpers.csproj", "{1C5C96C4-CDF6-4147-80AB-4EA83EFB8738}"
EndProject
Global
	GlobalSection(SolutionConfigurationPlatforms) = preSolution
		Debug|Any CPU = Debug|Any CPU
		Release|Any CPU = Release|Any CPU
	EndGlobalSection
	GlobalSection(ProjectConfigurationPlatforms) = postSolution
		{438C6C61-0397-4C49-B11E-4520C3167A84}.Debug|Any CPU.ActiveCfg = Debug|Any CPU
		{438C6C61-0397-4C49-B11E-4520C3167A84}.Debug|Any CPU.Build.0 = Debug|Any CPU
		{438C6C61-0397-4C49-B11E-4520C3167A84}.Release|Any CPU.ActiveCfg = Release|Any CPU
		{438C6C61-0397-4C49-B11E-4520C3167A84}.Release|Any CPU.Build.0 = Release|Any CPU
		{956F78B8-C0F4-4E1D-BE24-F7C446D8BE31}.Debug|Any CPU.ActiveCfg = Debug|Any CPU
		{956F78B8-C0F4-4E1D-BE24-F7C446D8BE31}.Debug|Any CPU.Build.0 = Debug|Any CPU
		{956F78B8-C0F4-4E1D-BE24-F7C446D8BE31}.Release|Any CPU.ActiveCfg = Release|Any CPU
		{956F78B8-C0F4-4E1D-BE24-F7C446D8BE31}.Release|Any CPU.Build.0 = Release|Any CPU
		{9117BCEC-1A93-4DD1-9AF8-E709336C888E}.Debug|Any CPU.ActiveCfg = Debug|Any CPU
		{9117BCEC-1A93-4DD1-9AF8-E709336C888E}.Debug|Any CPU.Build.0 = Debug|Any CPU
		{9117BCEC-1A93-4DD1-9AF8-E709336C888E}.Release|Any CPU.ActiveCfg = Release|Any CPU
		{9117BCEC-1A93-4DD1-9AF8-E709336C888E}.Release|Any CPU.Build.0 = Release|Any CPU
		{304570F0-0175-4CA0-88DA-842263FBAC87}.Debug|Any CPU.ActiveCfg = Debug|Any CPU
		{304570F0-0175-4CA0-88DA-842263FBAC87}.Debug|Any CPU.Build.0 = Debug|Any CPU
		{304570F0-0175-4CA0-88DA-842263FBAC87}.Release|Any CPU.ActiveCfg = Release|Any CPU
		{304570F0-0175-4CA0-88DA-842263FBAC87}.Release|Any CPU.Build.0 = Release|Any CPU
		{FE9002C6-6576-4004-A465-EC6427A4A816}.Debug|Any CPU.ActiveCfg = Debug|Any CPU
		{FE9002C6-6576-4004-A465-EC6427A4A816}.Debug|Any CPU.Build.0 = Debug|Any CPU
		{FE9002C6-6576-4004-A465-EC6427A4A816}.Release|Any CPU.ActiveCfg = Release|Any CPU
		{FE9002C6-6576-4004-A465-EC6427A4A816}.Release|Any CPU.Build.0 = Release|Any CPU
		{1C5C96C4-CDF6-4147-80AB-4EA83EFB8738}.Debug|Any CPU.ActiveCfg = Debug|Any CPU
		{1C5C96C4-CDF6-4147-80AB-4EA83EFB8738}.Debug|Any CPU.Build.0 = Debug|Any CPU
		{1C5C96C4-CDF6-4147-80AB-4EA83EFB8738}.Release|Any CPU.ActiveCfg = Release|Any CPU
		{1C5C96C4-CDF6-4147-80AB-4EA83EFB8738}.Release|Any CPU.Build.0 = Release|Any CPU
	EndGlobalSection
	GlobalSection(SolutionProperties) = preSolution
		HideSolutionNode = FALSE
	EndGlobalSection
	GlobalSection(ExtensibilityGlobals) = postSolution
		SolutionGuid = {55F48AA3-905A-44AD-8E43-0CA07F994226}
	EndGlobalSection
EndGlobal
